
Microsoft Visual Studio Solution File, Format Version 12.00
Project("{FAE04EC0-301F-11D3-BF4B-00C04F79EFBC}") = "P2CodeExecution", "P2CodeExecution\P2CodeExecution.csproj", "{B151F198-48A9-4F5E-9364-A6F1FC89E34E}"
EndProject
Project("{FAE04EC0-301F-11D3-BF4B-00C04F79EFBC}") = "P3PrintingOutput", "P3PrintingOutput\P3PrintingOutput.csproj", "{E15166AE-4295-4035-A577-4281CF0BBFCB}"
EndProject
Project("{FAE04EC0-301F-11D3-BF4B-00C04F79EFBC}") = "P4Comments", "P4Comments\P4Comments.csproj", "{B5744FD4-E7BF-4A39-AC1F-5AC476284E59}"
EndProject
Project("{FAE04EC0-301F-11D3-BF4B-00C04F79EFBC}") = "P5Variables", "P5Variables\P5Variables.csproj", "{CE7DEAB7-412F-4C1C-8F77-455094711C83}"
EndProject
Project("{FAE04EC0-301F-11D3-BF4B-00C04F79EFBC}") = "P6DataTypes", "P6DataTypes\P6DataTypes.csproj", "{3BCFA042-C45F-4496-B944-DB8F24018E9E}"
EndProject
Project("{FAE04EC0-301F-11D3-BF4B-00C04F79EFBC}") = "P7Input", "P7Input\P7Input.csproj", "{95A1DCF3-9120-4FDF-B355-B52F6477B58A}"
EndProject
Project("{FAE04EC0-301F-11D3-BF4B-00C04F79EFBC}") = "P8Conversion", "P8Conversion\P8Conversion.csproj", "{980215B5-F5C8-4143-89FF-0ED48E79F0C3}"
EndProject
Project("{FAE04EC0-301F-11D3-BF4B-00C04F79EFBC}") = "P8Boolean", "P8Boolean\P8Boolean.csproj", "{A8B24643-0412-4A1D-8243-E365960933D4}"
EndProject
Project("{FAE04EC0-301F-11D3-BF4B-00C04F79EFBC}") = "P9IfElse", "P9IfElse\P9IfElse.csproj", "{EFF097E9-60CF-4F6E-8D1A-8C98E35B4B56}"
EndProject
Global
	GlobalSection(SolutionConfigurationPlatforms) = preSolution
		Debug|Any CPU = Debug|Any CPU
		Release|Any CPU = Release|Any CPU
	EndGlobalSection
	GlobalSection(ProjectConfigurationPlatforms) = postSolution
		{B151F198-48A9-4F5E-9364-A6F1FC89E34E}.Debug|Any CPU.ActiveCfg = Debug|Any CPU
		{B151F198-48A9-4F5E-9364-A6F1FC89E34E}.Debug|Any CPU.Build.0 = Debug|Any CPU
		{B151F198-48A9-4F5E-9364-A6F1FC89E34E}.Release|Any CPU.ActiveCfg = Release|Any CPU
		{B151F198-48A9-4F5E-9364-A6F1FC89E34E}.Release|Any CPU.Build.0 = Release|Any CPU
		{E15166AE-4295-4035-A577-4281CF0BBFCB}.Debug|Any CPU.ActiveCfg = Debug|Any CPU
		{E15166AE-4295-4035-A577-4281CF0BBFCB}.Debug|Any CPU.Build.0 = Debug|Any CPU
		{E15166AE-4295-4035-A577-4281CF0BBFCB}.Release|Any CPU.ActiveCfg = Release|Any CPU
		{E15166AE-4295-4035-A577-4281CF0BBFCB}.Release|Any CPU.Build.0 = Release|Any CPU
		{B5744FD4-E7BF-4A39-AC1F-5AC476284E59}.Debug|Any CPU.ActiveCfg = Debug|Any CPU
		{B5744FD4-E7BF-4A39-AC1F-5AC476284E59}.Debug|Any CPU.Build.0 = Debug|Any CPU
		{B5744FD4-E7BF-4A39-AC1F-5AC476284E59}.Release|Any CPU.ActiveCfg = Release|Any CPU
		{B5744FD4-E7BF-4A39-AC1F-5AC476284E59}.Release|Any CPU.Build.0 = Release|Any CPU
		{CE7DEAB7-412F-4C1C-8F77-455094711C83}.Debug|Any CPU.ActiveCfg = Debug|Any CPU
		{CE7DEAB7-412F-4C1C-8F77-455094711C83}.Debug|Any CPU.Build.0 = Debug|Any CPU
		{CE7DEAB7-412F-4C1C-8F77-455094711C83}.Release|Any CPU.ActiveCfg = Release|Any CPU
		{CE7DEAB7-412F-4C1C-8F77-455094711C83}.Release|Any CPU.Build.0 = Release|Any CPU
		{3BCFA042-C45F-4496-B944-DB8F24018E9E}.Debug|Any CPU.ActiveCfg = Debug|Any CPU
		{3BCFA042-C45F-4496-B944-DB8F24018E9E}.Debug|Any CPU.Build.0 = Debug|Any CPU
		{3BCFA042-C45F-4496-B944-DB8F24018E9E}.Release|Any CPU.ActiveCfg = Release|Any CPU
		{3BCFA042-C45F-4496-B944-DB8F24018E9E}.Release|Any CPU.Build.0 = Release|Any CPU
		{95A1DCF3-9120-4FDF-B355-B52F6477B58A}.Debug|Any CPU.ActiveCfg = Debug|Any CPU
		{95A1DCF3-9120-4FDF-B355-B52F6477B58A}.Debug|Any CPU.Build.0 = Debug|Any CPU
		{95A1DCF3-9120-4FDF-B355-B52F6477B58A}.Release|Any CPU.ActiveCfg = Release|Any CPU
		{95A1DCF3-9120-4FDF-B355-B52F6477B58A}.Release|Any CPU.Build.0 = Release|Any CPU
		{980215B5-F5C8-4143-89FF-0ED48E79F0C3}.Debug|Any CPU.ActiveCfg = Debug|Any CPU
		{980215B5-F5C8-4143-89FF-0ED48E79F0C3}.Debug|Any CPU.Build.0 = Debug|Any CPU
		{980215B5-F5C8-4143-89FF-0ED48E79F0C3}.Release|Any CPU.ActiveCfg = Release|Any CPU
		{980215B5-F5C8-4143-89FF-0ED48E79F0C3}.Release|Any CPU.Build.0 = Release|Any CPU
		{A8B24643-0412-4A1D-8243-E365960933D4}.Debug|Any CPU.ActiveCfg = Debug|Any CPU
		{A8B24643-0412-4A1D-8243-E365960933D4}.Debug|Any CPU.Build.0 = Debug|Any CPU
		{A8B24643-0412-4A1D-8243-E365960933D4}.Release|Any CPU.ActiveCfg = Release|Any CPU
		{A8B24643-0412-4A1D-8243-E365960933D4}.Release|Any CPU.Build.0 = Release|Any CPU
		{EFF097E9-60CF-4F6E-8D1A-8C98E35B4B56}.Debug|Any CPU.ActiveCfg = Debug|Any CPU
		{EFF097E9-60CF-4F6E-8D1A-8C98E35B4B56}.Debug|Any CPU.Build.0 = Debug|Any CPU
		{EFF097E9-60CF-4F6E-8D1A-8C98E35B4B56}.Release|Any CPU.ActiveCfg = Release|Any CPU
		{EFF097E9-60CF-4F6E-8D1A-8C98E35B4B56}.Release|Any CPU.Build.0 = Release|Any CPU
	EndGlobalSection
EndGlobal
